
Microsoft Visual Studio Solution File, Format Version 12.00
# Visual Studio Version 17
VisualStudioVersion = 17.0.32112.339
MinimumVisualStudioVersion = 10.0.40219.1
Project("{9A19103F-16F7-4668-BE54-9A1E7A4F7556}") = "OnlineRestaurant", "OnlineRestaurant\OnlineRestaurant.csproj", "{8EEF7232-1C67-42D6-91EB-F111A7CFBB8C}"
EndProject
Project("{FAE04EC0-301F-11D3-BF4B-00C04F79EFBC}") = "OnlineRestaurant.test", "OnlineRestaurant.test\OnlineRestaurant.test.csproj", "{D7111731-181A-4497-89AA-B5B371760E9C}"
EndProject
Global
	GlobalSection(SolutionConfigurationPlatforms) = preSolution
		Debug|Any CPU = Debug|Any CPU
		Release|Any CPU = Release|Any CPU
	EndGlobalSection
	GlobalSection(ProjectConfigurationPlatforms) = postSolution
		{8EEF7232-1C67-42D6-91EB-F111A7CFBB8C}.Debug|Any CPU.ActiveCfg = Debug|Any CPU
		{8EEF7232-1C67-42D6-91EB-F111A7CFBB8C}.Debug|Any CPU.Build.0 = Debug|Any CPU
		{8EEF7232-1C67-42D6-91EB-F111A7CFBB8C}.Release|Any CPU.ActiveCfg = Release|Any CPU
		{8EEF7232-1C67-42D6-91EB-F111A7CFBB8C}.Release|Any CPU.Build.0 = Release|Any CPU
		{D7111731-181A-4497-89AA-B5B371760E9C}.Debug|Any CPU.ActiveCfg = Debug|Any CPU
		{D7111731-181A-4497-89AA-B5B371760E9C}.Debug|Any CPU.Build.0 = Debug|Any CPU
		{D7111731-181A-4497-89AA-B5B371760E9C}.Release|Any CPU.ActiveCfg = Release|Any CPU
		{D7111731-181A-4497-89AA-B5B371760E9C}.Release|Any CPU.Build.0 = Release|Any CPU
	EndGlobalSection
	GlobalSection(SolutionProperties) = preSolution
		HideSolutionNode = FALSE
	EndGlobalSection
	GlobalSection(ExtensibilityGlobals) = postSolution
		SolutionGuid = {D16663D9-D726-4EBE-9064-4223E259B28A}
	EndGlobalSection
EndGlobal
